
Microsoft Visual Studio Solution File, Format Version 12.00
# Visual Studio Version 16
VisualStudioVersion = 16.0.30330.147
MinimumVisualStudioVersion = 10.0.40219.1
Project("{8BC9CEB8-8B4A-11D0-8D11-00A0C91BC942}") = "randomNumAndGuessIt", "randomNumAndGuessIt\randomNumAndGuessIt.vcxproj", "{9FA1CD17-6CE5-451A-9EF5-FDE65A0DC112}"
EndProject
Global
	GlobalSection(SolutionConfigurationPlatforms) = preSolution
		Debug|x64 = Debug|x64
		Debug|x86 = Debug|x86
		Release|x64 = Release|x64
		Release|x86 = Release|x86
	EndGlobalSection
	GlobalSection(ProjectConfigurationPlatforms) = postSolution
		{9FA1CD17-6CE5-451A-9EF5-FDE65A0DC112}.Debug|x64.ActiveCfg = Debug|x64
		{9FA1CD17-6CE5-451A-9EF5-FDE65A0DC112}.Debug|x64.Build.0 = Debug|x64
		{9FA1CD17-6CE5-451A-9EF5-FDE65A0DC112}.Debug|x86.ActiveCfg = Debug|Win32
		{9FA1CD17-6CE5-451A-9EF5-FDE65A0DC112}.Debug|x86.Build.0 = Debug|Win32
		{9FA1CD17-6CE5-451A-9EF5-FDE65A0DC112}.Release|x64.ActiveCfg = Release|x64
		{9FA1CD17-6CE5-451A-9EF5-FDE65A0DC112}.Release|x64.Build.0 = Release|x64
		{9FA1CD17-6CE5-451A-9EF5-FDE65A0DC112}.Release|x86.ActiveCfg = Release|Win32
		{9FA1CD17-6CE5-451A-9EF5-FDE65A0DC112}.Release|x86.Build.0 = Release|Win32
	EndGlobalSection
	GlobalSection(SolutionProperties) = preSolution
		HideSolutionNode = FALSE
	EndGlobalSection
	GlobalSection(ExtensibilityGlobals) = postSolution
		SolutionGuid = {207C6AD0-17D2-4AD5-902D-87196A8E6167}
	EndGlobalSection
EndGlobal
